
Microsoft Visual Studio Solution File, Format Version 12.00
# Visual Studio 15
VisualStudioVersion = 15.0.27428.2005
MinimumVisualStudioVersion = 10.0.40219.1
Project("{FAE04EC0-301F-11D3-BF4B-00C04F79EFBC}") = "TesteImport", "TesteImport\TesteImport.csproj", "{B57499DF-EFBF-4238-989A-4B76B6D2DB44}"
EndProject
Global
	GlobalSection(SolutionConfigurationPlatforms) = preSolution
		Debug|Any CPU = Debug|Any CPU
		Release|Any CPU = Release|Any CPU
	EndGlobalSection
	GlobalSection(ProjectConfigurationPlatforms) = postSolution
		{B57499DF-EFBF-4238-989A-4B76B6D2DB44}.Debug|Any CPU.ActiveCfg = Debug|Any CPU
		{B57499DF-EFBF-4238-989A-4B76B6D2DB44}.Debug|Any CPU.Build.0 = Debug|Any CPU
		{B57499DF-EFBF-4238-989A-4B76B6D2DB44}.Release|Any CPU.ActiveCfg = Release|Any CPU
		{B57499DF-EFBF-4238-989A-4B76B6D2DB44}.Release|Any CPU.Build.0 = Release|Any CPU
	EndGlobalSection
	GlobalSection(SolutionProperties) = preSolution
		HideSolutionNode = FALSE
	EndGlobalSection
	GlobalSection(ExtensibilityGlobals) = postSolution
		SolutionGuid = {FC07EC36-0EF2-4217-B821-26410A303C91}
	EndGlobalSection
EndGlobal
